// !$*UTF8*$!
{
	archiveVersion = 1;
	classes = {
	};
	objectVersion = 55;
	objects = {

/* Begin PBXBuildFile section */
		B718FC4F27FF35BC00662F5C /* CustomTextField.swift in Sources */ = {isa = PBXBuildFile; fileRef = B718FC4E27FF35BC00662F5C /* CustomTextField.swift */; };
		B72E8488282147E90095F2E0 /* Domain.framework in Frameworks */ = {isa = PBXBuildFile; fileRef = B75E5A052801B94300944BFF /* Domain.framework */; };
		B72E8489282147E90095F2E0 /* Domain.framework in Embed Frameworks */ = {isa = PBXBuildFile; fileRef = B75E5A052801B94300944BFF /* Domain.framework */; settings = {ATTRIBUTES = (CodeSignOnCopy, RemoveHeadersOnCopy, ); }; };
		B72E8490282148810095F2E0 /* Domain.framework in Frameworks */ = {isa = PBXBuildFile; fileRef = B75E5A052801B94300944BFF /* Domain.framework */; };
		B72E8491282148810095F2E0 /* Domain.framework in Embed Frameworks */ = {isa = PBXBuildFile; fileRef = B75E5A052801B94300944BFF /* Domain.framework */; settings = {ATTRIBUTES = (CodeSignOnCopy, RemoveHeadersOnCopy, ); }; };
		B737B6772829408D00E93127 /* Message.swift in Sources */ = {isa = PBXBuildFile; fileRef = B737B6762829408D00E93127 /* Message.swift */; };
		B746597428205E41005F9F96 /* String.swift in Sources */ = {isa = PBXBuildFile; fileRef = B746597328205E41005F9F96 /* String.swift */; };
		B75E5A0E2801BE2100944BFF /* Brewery.swift in Sources */ = {isa = PBXBuildFile; fileRef = B75E5A0D2801BE2100944BFF /* Brewery.swift */; };
		B7972A49282A8A430008DE7A /* BreweryUseCaseTests.swift in Sources */ = {isa = PBXBuildFile; fileRef = B7972A48282A8A430008DE7A /* BreweryUseCaseTests.swift */; };
		B7972A4A282A8A430008DE7A /* Application.framework in Frameworks */ = {isa = PBXBuildFile; fileRef = B7D055332801CA15002E5228 /* Application.framework */; platformFilter = ios; };
		B7972A57282A8C500008DE7A /* NetworkServiceTests.swift in Sources */ = {isa = PBXBuildFile; fileRef = B7972A56282A8C500008DE7A /* NetworkServiceTests.swift */; };
		B7972A58282A8C500008DE7A /* Infrastructure.framework in Frameworks */ = {isa = PBXBuildFile; fileRef = B7D055462801D6FE002E5228 /* Infrastructure.framework */; platformFilter = ios; };
		B7B864DE2803A8E300D23557 /* HomeViewModel.swift in Sources */ = {isa = PBXBuildFile; fileRef = B7B864DD2803A8E300D23557 /* HomeViewModel.swift */; };
		B7B864E32803B52E00D23557 /* NetworkError.swift in Sources */ = {isa = PBXBuildFile; fileRef = B7B864E22803B52E00D23557 /* NetworkError.swift */; };
		B7B864E62803BBBA00D23557 /* ProjectError.swift in Sources */ = {isa = PBXBuildFile; fileRef = B7B864E52803BBBA00D23557 /* ProjectError.swift */; };
		B7D055392801CA15002E5228 /* Application.framework in Frameworks */ = {isa = PBXBuildFile; fileRef = B7D055332801CA15002E5228 /* Application.framework */; };
		B7D0553A2801CA15002E5228 /* Application.framework in Embed Frameworks */ = {isa = PBXBuildFile; fileRef = B7D055332801CA15002E5228 /* Application.framework */; settings = {ATTRIBUTES = (CodeSignOnCopy, RemoveHeadersOnCopy, ); }; };
		B7D055402801CA90002E5228 /* BreweryUseCase.swift in Sources */ = {isa = PBXBuildFile; fileRef = B7D0553F2801CA90002E5228 /* BreweryUseCase.swift */; };
		B7D055532801D71C002E5228 /* NetworkService.swift in Sources */ = {isa = PBXBuildFile; fileRef = B7D055522801D71C002E5228 /* NetworkService.swift */; };
		B7D055592801DBFE002E5228 /* Infrastructure.framework in Frameworks */ = {isa = PBXBuildFile; fileRef = B7D055462801D6FE002E5228 /* Infrastructure.framework */; };
		B7D0555A2801DBFE002E5228 /* Infrastructure.framework in Embed Frameworks */ = {isa = PBXBuildFile; fileRef = B7D055462801D6FE002E5228 /* Infrastructure.framework */; settings = {ATTRIBUTES = (CodeSignOnCopy, RemoveHeadersOnCopy, ); }; };
		B7DFB6C627FE032300F1CD4E /* BreweryApp.swift in Sources */ = {isa = PBXBuildFile; fileRef = B7DFB6C527FE032300F1CD4E /* BreweryApp.swift */; };
		B7DFB6C827FE032300F1CD4E /* HomeView.swift in Sources */ = {isa = PBXBuildFile; fileRef = B7DFB6C727FE032300F1CD4E /* HomeView.swift */; };
		B7DFB6CA27FE032500F1CD4E /* Assets.xcassets in Resources */ = {isa = PBXBuildFile; fileRef = B7DFB6C927FE032500F1CD4E /* Assets.xcassets */; };
		B7DFB6CD27FE032500F1CD4E /* Preview Assets.xcassets in Resources */ = {isa = PBXBuildFile; fileRef = B7DFB6CC27FE032500F1CD4E /* Preview Assets.xcassets */; };
		B7FD0D23281AB38900160086 /* DetailsView.swift in Sources */ = {isa = PBXBuildFile; fileRef = B7FD0D22281AB38900160086 /* DetailsView.swift */; };
/* End PBXBuildFile section */

/* Begin PBXContainerItemProxy section */
		B72E848A282147E90095F2E0 /* PBXContainerItemProxy */ = {
			isa = PBXContainerItemProxy;
			containerPortal = B7DFB6BA27FE032300F1CD4E /* Project object */;
			proxyType = 1;
			remoteGlobalIDString = B75E5A042801B94300944BFF;
			remoteInfo = Domain;
		};
		B72E8492282148810095F2E0 /* PBXContainerItemProxy */ = {
			isa = PBXContainerItemProxy;
			containerPortal = B7DFB6BA27FE032300F1CD4E /* Project object */;
			proxyType = 1;
			remoteGlobalIDString = B75E5A042801B94300944BFF;
			remoteInfo = Domain;
		};
		B7972A4B282A8A430008DE7A /* PBXContainerItemProxy */ = {
			isa = PBXContainerItemProxy;
			containerPortal = B7DFB6BA27FE032300F1CD4E /* Project object */;
			proxyType = 1;
			remoteGlobalIDString = B7D055322801CA15002E5228;
			remoteInfo = Application;
		};
		B7972A59282A8C500008DE7A /* PBXContainerItemProxy */ = {
			isa = PBXContainerItemProxy;
			containerPortal = B7DFB6BA27FE032300F1CD4E /* Project object */;
			proxyType = 1;
			remoteGlobalIDString = B7D055452801D6FE002E5228;
			remoteInfo = Infrastructure;
		};
		B7D055372801CA15002E5228 /* PBXContainerItemProxy */ = {
			isa = PBXContainerItemProxy;
			containerPortal = B7DFB6BA27FE032300F1CD4E /* Project object */;
			proxyType = 1;
			remoteGlobalIDString = B7D055322801CA15002E5228;
			remoteInfo = Application;
		};
		B7D0555B2801DBFE002E5228 /* PBXContainerItemProxy */ = {
			isa = PBXContainerItemProxy;
			containerPortal = B7DFB6BA27FE032300F1CD4E /* Project object */;
			proxyType = 1;
			remoteGlobalIDString = B7D055452801D6FE002E5228;
			remoteInfo = Infrastructure;
		};
/* End PBXContainerItemProxy section */

/* Begin PBXCopyFilesBuildPhase section */
		B7D0552C2801C520002E5228 /* Embed Frameworks */ = {
			isa = PBXCopyFilesBuildPhase;
			buildActionMask = 2147483647;
			dstPath = "";
			dstSubfolderSpec = 10;
			files = (
				B72E8491282148810095F2E0 /* Domain.framework in Embed Frameworks */,
				B7D0553A2801CA15002E5228 /* Application.framework in Embed Frameworks */,
			);
			name = "Embed Frameworks";
			runOnlyForDeploymentPostprocessing = 0;
		};
		B7D0555D2801DBFE002E5228 /* Embed Frameworks */ = {
			isa = PBXCopyFilesBuildPhase;
			buildActionMask = 2147483647;
			dstPath = "";
			dstSubfolderSpec = 10;
			files = (
				B72E8489282147E90095F2E0 /* Domain.framework in Embed Frameworks */,
				B7D0555A2801DBFE002E5228 /* Infrastructure.framework in Embed Frameworks */,
			);
			name = "Embed Frameworks";
			runOnlyForDeploymentPostprocessing = 0;
		};
/* End PBXCopyFilesBuildPhase section */

/* Begin PBXFileReference section */
		B718FC4E27FF35BC00662F5C /* CustomTextField.swift */ = {isa = PBXFileReference; lastKnownFileType = sourcecode.swift; path = CustomTextField.swift; sourceTree = "<group>"; };
		B737B6762829408D00E93127 /* Message.swift */ = {isa = PBXFileReference; lastKnownFileType = sourcecode.swift; path = Message.swift; sourceTree = "<group>"; };
		B746597328205E41005F9F96 /* String.swift */ = {isa = PBXFileReference; lastKnownFileType = sourcecode.swift; path = String.swift; sourceTree = "<group>"; };
		B75E5A052801B94300944BFF /* Domain.framework */ = {isa = PBXFileReference; explicitFileType = wrapper.framework; includeInIndex = 0; path = Domain.framework; sourceTree = BUILT_PRODUCTS_DIR; };
		B75E5A0D2801BE2100944BFF /* Brewery.swift */ = {isa = PBXFileReference; lastKnownFileType = sourcecode.swift; path = Brewery.swift; sourceTree = "<group>"; };
		B75E5A152801BEF800944BFF /* Info.plist */ = {isa = PBXFileReference; lastKnownFileType = text.plist.xml; path = Info.plist; sourceTree = "<group>"; };
		B7972A46282A8A430008DE7A /* ApplicationTests.xctest */ = {isa = PBXFileReference; explicitFileType = wrapper.cfbundle; includeInIndex = 0; path = ApplicationTests.xctest; sourceTree = BUILT_PRODUCTS_DIR; };
		B7972A48282A8A430008DE7A /* BreweryUseCaseTests.swift */ = {isa = PBXFileReference; lastKnownFileType = sourcecode.swift; path = BreweryUseCaseTests.swift; sourceTree = "<group>"; };
		B7972A54282A8C500008DE7A /* InfrastructureTests.xctest */ = {isa = PBXFileReference; explicitFileType = wrapper.cfbundle; includeInIndex = 0; path = InfrastructureTests.xctest; sourceTree = BUILT_PRODUCTS_DIR; };
		B7972A56282A8C500008DE7A /* NetworkServiceTests.swift */ = {isa = PBXFileReference; lastKnownFileType = sourcecode.swift; path = NetworkServiceTests.swift; sourceTree = "<group>"; };
		B7B864DD2803A8E300D23557 /* HomeViewModel.swift */ = {isa = PBXFileReference; lastKnownFileType = sourcecode.swift; path = HomeViewModel.swift; sourceTree = "<group>"; };
		B7B864E22803B52E00D23557 /* NetworkError.swift */ = {isa = PBXFileReference; lastKnownFileType = sourcecode.swift; path = NetworkError.swift; sourceTree = "<group>"; };
		B7B864E52803BBBA00D23557 /* ProjectError.swift */ = {isa = PBXFileReference; lastKnownFileType = sourcecode.swift; path = ProjectError.swift; sourceTree = "<group>"; };
		B7D055332801CA15002E5228 /* Application.framework */ = {isa = PBXFileReference; explicitFileType = wrapper.framework; includeInIndex = 0; path = Application.framework; sourceTree = BUILT_PRODUCTS_DIR; };
		B7D0553F2801CA90002E5228 /* BreweryUseCase.swift */ = {isa = PBXFileReference; lastKnownFileType = sourcecode.swift; path = BreweryUseCase.swift; sourceTree = "<group>"; };
		B7D055462801D6FE002E5228 /* Infrastructure.framework */ = {isa = PBXFileReference; explicitFileType = wrapper.framework; includeInIndex = 0; path = Infrastructure.framework; sourceTree = BUILT_PRODUCTS_DIR; };
		B7D055522801D71C002E5228 /* NetworkService.swift */ = {isa = PBXFileReference; lastKnownFileType = sourcecode.swift; path = NetworkService.swift; sourceTree = "<group>"; };
		B7DFB6C227FE032300F1CD4E /* Brewery.app */ = {isa = PBXFileReference; explicitFileType = wrapper.application; includeInIndex = 0; path = Brewery.app; sourceTree = BUILT_PRODUCTS_DIR; };
		B7DFB6C527FE032300F1CD4E /* BreweryApp.swift */ = {isa = PBXFileReference; lastKnownFileType = sourcecode.swift; path = BreweryApp.swift; sourceTree = "<group>"; };
		B7DFB6C727FE032300F1CD4E /* HomeView.swift */ = {isa = PBXFileReference; lastKnownFileType = sourcecode.swift; path = HomeView.swift; sourceTree = "<group>"; };
		B7DFB6C927FE032500F1CD4E /* Assets.xcassets */ = {isa = PBXFileReference; lastKnownFileType = folder.assetcatalog; path = Assets.xcassets; sourceTree = "<group>"; };
		B7DFB6CC27FE032500F1CD4E /* Preview Assets.xcassets */ = {isa = PBXFileReference; lastKnownFileType = folder.assetcatalog; path = "Preview Assets.xcassets"; sourceTree = "<group>"; };
		B7FD0D22281AB38900160086 /* DetailsView.swift */ = {isa = PBXFileReference; lastKnownFileType = sourcecode.swift; path = DetailsView.swift; sourceTree = "<group>"; };
/* End PBXFileReference section */

/* Begin PBXFrameworksBuildPhase section */
		B75E5A022801B94300944BFF /* Frameworks */ = {
			isa = PBXFrameworksBuildPhase;
			buildActionMask = 2147483647;
			files = (
			);
			runOnlyForDeploymentPostprocessing = 0;
		};
		B7972A43282A8A430008DE7A /* Frameworks */ = {
			isa = PBXFrameworksBuildPhase;
			buildActionMask = 2147483647;
			files = (
				B7972A4A282A8A430008DE7A /* Application.framework in Frameworks */,
			);
			runOnlyForDeploymentPostprocessing = 0;
		};
		B7972A51282A8C500008DE7A /* Frameworks */ = {
			isa = PBXFrameworksBuildPhase;
			buildActionMask = 2147483647;
			files = (
				B7972A58282A8C500008DE7A /* Infrastructure.framework in Frameworks */,
			);
			runOnlyForDeploymentPostprocessing = 0;
		};
		B7D055302801CA15002E5228 /* Frameworks */ = {
			isa = PBXFrameworksBuildPhase;
			buildActionMask = 2147483647;
			files = (
				B72E8488282147E90095F2E0 /* Domain.framework in Frameworks */,
				B7D055592801DBFE002E5228 /* Infrastructure.framework in Frameworks */,
			);
			runOnlyForDeploymentPostprocessing = 0;
		};
		B7D055432801D6FE002E5228 /* Frameworks */ = {
			isa = PBXFrameworksBuildPhase;
			buildActionMask = 2147483647;
			files = (
			);
			runOnlyForDeploymentPostprocessing = 0;
		};
		B7DFB6BF27FE032300F1CD4E /* Frameworks */ = {
			isa = PBXFrameworksBuildPhase;
			buildActionMask = 2147483647;
			files = (
				B72E8490282148810095F2E0 /* Domain.framework in Frameworks */,
				B7D055392801CA15002E5228 /* Application.framework in Frameworks */,
			);
			runOnlyForDeploymentPostprocessing = 0;
		};
/* End PBXFrameworksBuildPhase section */

/* Begin PBXGroup section */
		B718FC4B27FF34E000662F5C /* Home */ = {
			isa = PBXGroup;
			children = (
				B7DFB6C727FE032300F1CD4E /* HomeView.swift */,
				B7B864DD2803A8E300D23557 /* HomeViewModel.swift */,
			);
			path = Home;
			sourceTree = "<group>";
		};
		B718FC4D27FF359F00662F5C /* Components */ = {
			isa = PBXGroup;
			children = (
				B718FC4E27FF35BC00662F5C /* CustomTextField.swift */,
				B737B6762829408D00E93127 /* Message.swift */,
			);
			path = Components;
			sourceTree = "<group>";
		};
		B746597228205E2E005F9F96 /* Extensions */ = {
			isa = PBXGroup;
			children = (
				B746597328205E41005F9F96 /* String.swift */,
			);
			path = Extensions;
			sourceTree = "<group>";
		};
		B75E5A062801B94300944BFF /* Domain */ = {
			isa = PBXGroup;
			children = (
				B75E5A0C2801BDFD00944BFF /* Model */,
			);
			path = Domain;
			sourceTree = "<group>";
		};
		B75E5A0C2801BDFD00944BFF /* Model */ = {
			isa = PBXGroup;
			children = (
				B75E5A0D2801BE2100944BFF /* Brewery.swift */,
			);
			path = Model;
			sourceTree = "<group>";
		};
		B75E5A0F2801BE7000944BFF /* Frameworks */ = {
			isa = PBXGroup;
			children = (
			);
			name = Frameworks;
			sourceTree = "<group>";
		};
		B7972A47282A8A430008DE7A /* ApplicationTests */ = {
			isa = PBXGroup;
			children = (
				B7972A5E282A94730008DE7A /* Mock */,
				B7972A48282A8A430008DE7A /* BreweryUseCaseTests.swift */,
			);
			path = ApplicationTests;
			sourceTree = "<group>";
		};
		B7972A55282A8C500008DE7A /* InfrastructureTests */ = {
			isa = PBXGroup;
			children = (
				B7972A56282A8C500008DE7A /* NetworkServiceTests.swift */,
			);
			path = InfrastructureTests;
			sourceTree = "<group>";
		};
		B7972A5E282A94730008DE7A /* Mock */ = {
			isa = PBXGroup;
			children = (
			);
			path = Mock;
			sourceTree = "<group>";
		};
		B7B864E42803BBA800D23557 /* Erros */ = {
			isa = PBXGroup;
			children = (
				B7B864E52803BBBA00D23557 /* ProjectError.swift */,
			);
			path = Erros;
			sourceTree = "<group>";
		};
		B7D055342801CA15002E5228 /* Application */ = {
			isa = PBXGroup;
			children = (
				B7B864E42803BBA800D23557 /* Erros */,
				B7D0553E2801CA65002E5228 /* Brewery */,
			);
			path = Application;
			sourceTree = "<group>";
		};
		B7D0553E2801CA65002E5228 /* Brewery */ = {
			isa = PBXGroup;
			children = (
				B7D0553F2801CA90002E5228 /* BreweryUseCase.swift */,
			);
			path = Brewery;
			sourceTree = "<group>";
		};
		B7D055472801D6FE002E5228 /* Infrastructure */ = {
			isa = PBXGroup;
			children = (
				B7D055512801D70D002E5228 /* Network */,
			);
			path = Infrastructure;
			sourceTree = "<group>";
		};
		B7D055512801D70D002E5228 /* Network */ = {
			isa = PBXGroup;
			children = (
				B7B864E22803B52E00D23557 /* NetworkError.swift */,
				B7D055522801D71C002E5228 /* NetworkService.swift */,
			);
			path = Network;
			sourceTree = "<group>";
		};
		B7D0555E2801E51E002E5228 /* Resource */ = {
			isa = PBXGroup;
			children = (
				B75E5A152801BEF800944BFF /* Info.plist */,
				B7DFB6C927FE032500F1CD4E /* Assets.xcassets */,
				B7DFB6CB27FE032500F1CD4E /* Preview Content */,
			);
			path = Resource;
			sourceTree = "<group>";
		};
		B7DFB6B927FE032300F1CD4E = {
			isa = PBXGroup;
			children = (
				B7DFB6C427FE032300F1CD4E /* Presentation */,
				B75E5A062801B94300944BFF /* Domain */,
				B7D055342801CA15002E5228 /* Application */,
				B7D055472801D6FE002E5228 /* Infrastructure */,
				B7972A47282A8A430008DE7A /* ApplicationTests */,
				B7972A55282A8C500008DE7A /* InfrastructureTests */,
				B7DFB6C327FE032300F1CD4E /* Products */,
				B75E5A0F2801BE7000944BFF /* Frameworks */,
			);
			sourceTree = "<group>";
		};
		B7DFB6C327FE032300F1CD4E /* Products */ = {
			isa = PBXGroup;
			children = (
				B7DFB6C227FE032300F1CD4E /* Brewery.app */,
				B75E5A052801B94300944BFF /* Domain.framework */,
				B7D055332801CA15002E5228 /* Application.framework */,
				B7D055462801D6FE002E5228 /* Infrastructure.framework */,
				B7972A46282A8A430008DE7A /* ApplicationTests.xctest */,
				B7972A54282A8C500008DE7A /* InfrastructureTests.xctest */,
			);
			name = Products;
			sourceTree = "<group>";
		};
		B7DFB6C427FE032300F1CD4E /* Presentation */ = {
			isa = PBXGroup;
			children = (
				B746597228205E2E005F9F96 /* Extensions */,
				B7FD0D21281AB37900160086 /* Details */,
				B718FC4B27FF34E000662F5C /* Home */,
				B718FC4D27FF359F00662F5C /* Components */,
				B7D0555E2801E51E002E5228 /* Resource */,
				B7DFB6C527FE032300F1CD4E /* BreweryApp.swift */,
			);
			path = Presentation;
			sourceTree = "<group>";
		};
		B7DFB6CB27FE032500F1CD4E /* Preview Content */ = {
			isa = PBXGroup;
			children = (
				B7DFB6CC27FE032500F1CD4E /* Preview Assets.xcassets */,
			);
			path = "Preview Content";
			sourceTree = "<group>";
		};
		B7FD0D21281AB37900160086 /* Details */ = {
			isa = PBXGroup;
			children = (
				B7FD0D22281AB38900160086 /* DetailsView.swift */,
			);
			path = Details;
			sourceTree = "<group>";
		};
/* End PBXGroup section */

/* Begin PBXHeadersBuildPhase section */
		B75E5A002801B94300944BFF /* Headers */ = {
			isa = PBXHeadersBuildPhase;
			buildActionMask = 2147483647;
			files = (
			);
			runOnlyForDeploymentPostprocessing = 0;
		};
		B7D0552E2801CA15002E5228 /* Headers */ = {
			isa = PBXHeadersBuildPhase;
			buildActionMask = 2147483647;
			files = (
			);
			runOnlyForDeploymentPostprocessing = 0;
		};
		B7D055412801D6FE002E5228 /* Headers */ = {
			isa = PBXHeadersBuildPhase;
			buildActionMask = 2147483647;
			files = (
			);
			runOnlyForDeploymentPostprocessing = 0;
		};
/* End PBXHeadersBuildPhase section */

/* Begin PBXNativeTarget section */
		B75E5A042801B94300944BFF /* Domain */ = {
			isa = PBXNativeTarget;
			buildConfigurationList = B75E5A0B2801B94300944BFF /* Build configuration list for PBXNativeTarget "Domain" */;
			buildPhases = (
				B75E5A002801B94300944BFF /* Headers */,
				B75E5A012801B94300944BFF /* Sources */,
				B75E5A022801B94300944BFF /* Frameworks */,
				B75E5A032801B94300944BFF /* Resources */,
			);
			buildRules = (
			);
			dependencies = (
			);
			name = Domain;
			productName = Domain;
			productReference = B75E5A052801B94300944BFF /* Domain.framework */;
			productType = "com.apple.product-type.framework";
		};
		B7972A45282A8A430008DE7A /* ApplicationTests */ = {
			isa = PBXNativeTarget;
			buildConfigurationList = B7972A4F282A8A430008DE7A /* Build configuration list for PBXNativeTarget "ApplicationTests" */;
			buildPhases = (
				B7972A42282A8A430008DE7A /* Sources */,
				B7972A43282A8A430008DE7A /* Frameworks */,
				B7972A44282A8A430008DE7A /* Resources */,
			);
			buildRules = (
			);
			dependencies = (
				B7972A4C282A8A430008DE7A /* PBXTargetDependency */,
			);
			name = ApplicationTests;
			productName = ApplicationTests;
			productReference = B7972A46282A8A430008DE7A /* ApplicationTests.xctest */;
			productType = "com.apple.product-type.bundle.unit-test";
		};
		B7972A53282A8C500008DE7A /* InfrastructureTests */ = {
			isa = PBXNativeTarget;
			buildConfigurationList = B7972A5B282A8C500008DE7A /* Build configuration list for PBXNativeTarget "InfrastructureTests" */;
			buildPhases = (
				B7972A50282A8C500008DE7A /* Sources */,
				B7972A51282A8C500008DE7A /* Frameworks */,
				B7972A52282A8C500008DE7A /* Resources */,
			);
			buildRules = (
			);
			dependencies = (
				B7972A5A282A8C500008DE7A /* PBXTargetDependency */,
			);
			name = InfrastructureTests;
			productName = InfrastructureTests;
			productReference = B7972A54282A8C500008DE7A /* InfrastructureTests.xctest */;
			productType = "com.apple.product-type.bundle.unit-test";
		};
		B7D055322801CA15002E5228 /* Application */ = {
			isa = PBXNativeTarget;
			buildConfigurationList = B7D0553B2801CA15002E5228 /* Build configuration list for PBXNativeTarget "Application" */;
			buildPhases = (
				B7D0552E2801CA15002E5228 /* Headers */,
				B7D0552F2801CA15002E5228 /* Sources */,
				B7D055302801CA15002E5228 /* Frameworks */,
				B7D055312801CA15002E5228 /* Resources */,
				B7D0555D2801DBFE002E5228 /* Embed Frameworks */,
			);
			buildRules = (
			);
			dependencies = (
				B7D0555C2801DBFE002E5228 /* PBXTargetDependency */,
				B72E848B282147E90095F2E0 /* PBXTargetDependency */,
			);
			name = Application;
			productName = Application;
			productReference = B7D055332801CA15002E5228 /* Application.framework */;
			productType = "com.apple.product-type.framework";
		};
		B7D055452801D6FE002E5228 /* Infrastructure */ = {
			isa = PBXNativeTarget;
			buildConfigurationList = B7D0554E2801D6FE002E5228 /* Build configuration list for PBXNativeTarget "Infrastructure" */;
			buildPhases = (
				B7D055412801D6FE002E5228 /* Headers */,
				B7D055422801D6FE002E5228 /* Sources */,
				B7D055432801D6FE002E5228 /* Frameworks */,
				B7D055442801D6FE002E5228 /* Resources */,
			);
			buildRules = (
			);
			dependencies = (
			);
			name = Infrastructure;
			productName = Infrastructure;
			productReference = B7D055462801D6FE002E5228 /* Infrastructure.framework */;
			productType = "com.apple.product-type.framework";
		};
		B7DFB6C127FE032300F1CD4E /* Brewery */ = {
			isa = PBXNativeTarget;
			buildConfigurationList = B7DFB6D027FE032500F1CD4E /* Build configuration list for PBXNativeTarget "Brewery" */;
			buildPhases = (
				B72287D22812E002005626CF /* Run SwiftLint */,
				B7DFB6BE27FE032300F1CD4E /* Sources */,
				B7DFB6BF27FE032300F1CD4E /* Frameworks */,
				B7DFB6C027FE032300F1CD4E /* Resources */,
				B7D0552C2801C520002E5228 /* Embed Frameworks */,
			);
			buildRules = (
			);
			dependencies = (
				B7D055382801CA15002E5228 /* PBXTargetDependency */,
				B72E8493282148810095F2E0 /* PBXTargetDependency */,
			);
			name = Brewery;
			productName = Brewery;
			productReference = B7DFB6C227FE032300F1CD4E /* Brewery.app */;
			productType = "com.apple.product-type.application";
		};
/* End PBXNativeTarget section */

/* Begin PBXProject section */
		B7DFB6BA27FE032300F1CD4E /* Project object */ = {
			isa = PBXProject;
			attributes = {
				BuildIndependentTargetsInParallel = 1;
				LastSwiftUpdateCheck = 1320;
				LastUpgradeCheck = 1320;
				TargetAttributes = {
					B75E5A042801B94300944BFF = {
						CreatedOnToolsVersion = 13.2.1;
						LastSwiftMigration = 1320;
					};
					B7972A45282A8A430008DE7A = {
						CreatedOnToolsVersion = 13.2.1;
					};
					B7972A53282A8C500008DE7A = {
						CreatedOnToolsVersion = 13.2.1;
					};
					B7D055322801CA15002E5228 = {
						CreatedOnToolsVersion = 13.2.1;
						LastSwiftMigration = 1320;
					};
					B7D055452801D6FE002E5228 = {
						CreatedOnToolsVersion = 13.2.1;
						LastSwiftMigration = 1320;
					};
					B7DFB6C127FE032300F1CD4E = {
						CreatedOnToolsVersion = 13.2.1;
					};
				};
			};
			buildConfigurationList = B7DFB6BD27FE032300F1CD4E /* Build configuration list for PBXProject "Brewery" */;
			compatibilityVersion = "Xcode 13.0";
			developmentRegion = en;
			hasScannedForEncodings = 0;
			knownRegions = (
				en,
				Base,
			);
			mainGroup = B7DFB6B927FE032300F1CD4E;
			productRefGroup = B7DFB6C327FE032300F1CD4E /* Products */;
			projectDirPath = "";
			projectRoot = "";
			targets = (
				B7DFB6C127FE032300F1CD4E /* Brewery */,
				B75E5A042801B94300944BFF /* Domain */,
				B7D055322801CA15002E5228 /* Application */,
				B7D055452801D6FE002E5228 /* Infrastructure */,
				B7972A45282A8A430008DE7A /* ApplicationTests */,
				B7972A53282A8C500008DE7A /* InfrastructureTests */,
			);
		};
/* End PBXProject section */

/* Begin PBXResourcesBuildPhase section */
		B75E5A032801B94300944BFF /* Resources */ = {
			isa = PBXResourcesBuildPhase;
			buildActionMask = 2147483647;
			files = (
			);
			runOnlyForDeploymentPostprocessing = 0;
		};
		B7972A44282A8A430008DE7A /* Resources */ = {
			isa = PBXResourcesBuildPhase;
			buildActionMask = 2147483647;
			files = (
			);
			runOnlyForDeploymentPostprocessing = 0;
		};
		B7972A52282A8C500008DE7A /* Resources */ = {
			isa = PBXResourcesBuildPhase;
			buildActionMask = 2147483647;
			files = (
			);
			runOnlyForDeploymentPostprocessing = 0;
		};
		B7D055312801CA15002E5228 /* Resources */ = {
			isa = PBXResourcesBuildPhase;
			buildActionMask = 2147483647;
			files = (
			);
			runOnlyForDeploymentPostprocessing = 0;
		};
		B7D055442801D6FE002E5228 /* Resources */ = {
			isa = PBXResourcesBuildPhase;
			buildActionMask = 2147483647;
			files = (
			);
			runOnlyForDeploymentPostprocessing = 0;
		};
		B7DFB6C027FE032300F1CD4E /* Resources */ = {
			isa = PBXResourcesBuildPhase;
			buildActionMask = 2147483647;
			files = (
				B7DFB6CD27FE032500F1CD4E /* Preview Assets.xcassets in Resources */,
				B7DFB6CA27FE032500F1CD4E /* Assets.xcassets in Resources */,
			);
			runOnlyForDeploymentPostprocessing = 0;
		};
/* End PBXResourcesBuildPhase section */

/* Begin PBXShellScriptBuildPhase section */
		B72287D22812E002005626CF /* Run SwiftLint */ = {
			isa = PBXShellScriptBuildPhase;
			buildActionMask = 2147483647;
			files = (
			);
			inputFileListPaths = (
			);
			inputPaths = (
			);
			name = "Run SwiftLint";
			outputFileListPaths = (
			);
			outputPaths = (
			);
			runOnlyForDeploymentPostprocessing = 0;
			shellPath = /bin/sh;
			shellScript = "if which swiftlint > /dev/null; then\n  swiftlint\nelse\n  echo \"warning: SwiftLint not installed, download from https://github.com/realm/SwiftLint\"\nfi\n";
		};
/* End PBXShellScriptBuildPhase section */

/* Begin PBXSourcesBuildPhase section */
		B75E5A012801B94300944BFF /* Sources */ = {
			isa = PBXSourcesBuildPhase;
			buildActionMask = 2147483647;
			files = (
				B75E5A0E2801BE2100944BFF /* Brewery.swift in Sources */,
			);
			runOnlyForDeploymentPostprocessing = 0;
		};
		B7972A42282A8A430008DE7A /* Sources */ = {
			isa = PBXSourcesBuildPhase;
			buildActionMask = 2147483647;
			files = (
				B7972A49282A8A430008DE7A /* BreweryUseCaseTests.swift in Sources */,
			);
			runOnlyForDeploymentPostprocessing = 0;
		};
		B7972A50282A8C500008DE7A /* Sources */ = {
			isa = PBXSourcesBuildPhase;
			buildActionMask = 2147483647;
			files = (
				B7972A57282A8C500008DE7A /* NetworkServiceTests.swift in Sources */,
			);
			runOnlyForDeploymentPostprocessing = 0;
		};
		B7D0552F2801CA15002E5228 /* Sources */ = {
			isa = PBXSourcesBuildPhase;
			buildActionMask = 2147483647;
			files = (
				B7D055402801CA90002E5228 /* BreweryUseCase.swift in Sources */,
				B7B864E62803BBBA00D23557 /* ProjectError.swift in Sources */,
			);
			runOnlyForDeploymentPostprocessing = 0;
		};
		B7D055422801D6FE002E5228 /* Sources */ = {
			isa = PBXSourcesBuildPhase;
			buildActionMask = 2147483647;
			files = (
				B7D055532801D71C002E5228 /* NetworkService.swift in Sources */,
				B7B864E32803B52E00D23557 /* NetworkError.swift in Sources */,
			);
			runOnlyForDeploymentPostprocessing = 0;
		};
		B7DFB6BE27FE032300F1CD4E /* Sources */ = {
			isa = PBXSourcesBuildPhase;
			buildActionMask = 2147483647;
			files = (
				B7DFB6C827FE032300F1CD4E /* HomeView.swift in Sources */,
				B7DFB6C627FE032300F1CD4E /* BreweryApp.swift in Sources */,
				B737B6772829408D00E93127 /* Message.swift in Sources */,
				B718FC4F27FF35BC00662F5C /* CustomTextField.swift in Sources */,
				B7B864DE2803A8E300D23557 /* HomeViewModel.swift in Sources */,
				B746597428205E41005F9F96 /* String.swift in Sources */,
				B7FD0D23281AB38900160086 /* DetailsView.swift in Sources */,
			);
			runOnlyForDeploymentPostprocessing = 0;
		};
/* End PBXSourcesBuildPhase section */

/* Begin PBXTargetDependency section */
		B72E848B282147E90095F2E0 /* PBXTargetDependency */ = {
			isa = PBXTargetDependency;
			target = B75E5A042801B94300944BFF /* Domain */;
			targetProxy = B72E848A282147E90095F2E0 /* PBXContainerItemProxy */;
		};
		B72E8493282148810095F2E0 /* PBXTargetDependency */ = {
			isa = PBXTargetDependency;
			target = B75E5A042801B94300944BFF /* Domain */;
			targetProxy = B72E8492282148810095F2E0 /* PBXContainerItemProxy */;
		};
		B7972A4C282A8A430008DE7A /* PBXTargetDependency */ = {
			isa = PBXTargetDependency;
			platformFilter = ios;
			target = B7D055322801CA15002E5228 /* Application */;
			targetProxy = B7972A4B282A8A430008DE7A /* PBXContainerItemProxy */;
		};
		B7972A5A282A8C500008DE7A /* PBXTargetDependency */ = {
			isa = PBXTargetDependency;
			platformFilter = ios;
			target = B7D055452801D6FE002E5228 /* Infrastructure */;
			targetProxy = B7972A59282A8C500008DE7A /* PBXContainerItemProxy */;
		};
		B7D055382801CA15002E5228 /* PBXTargetDependency */ = {
			isa = PBXTargetDependency;
			target = B7D055322801CA15002E5228 /* Application */;
			targetProxy = B7D055372801CA15002E5228 /* PBXContainerItemProxy */;
		};
		B7D0555C2801DBFE002E5228 /* PBXTargetDependency */ = {
			isa = PBXTargetDependency;
			target = B7D055452801D6FE002E5228 /* Infrastructure */;
			targetProxy = B7D0555B2801DBFE002E5228 /* PBXContainerItemProxy */;
		};
/* End PBXTargetDependency section */

/* Begin XCBuildConfiguration section */
		B75E5A092801B94300944BFF /* Debug */ = {
			isa = XCBuildConfiguration;
			buildSettings = {
				CLANG_ENABLE_MODULES = YES;
				CODE_SIGN_STYLE = Automatic;
				COMBINE_HIDPI_IMAGES = YES;
				CURRENT_PROJECT_VERSION = 1;
				DEFINES_MODULE = YES;
				DEVELOPMENT_TEAM = RHBH6Q62PG;
				DYLIB_COMPATIBILITY_VERSION = 1;
				DYLIB_CURRENT_VERSION = 1;
				DYLIB_INSTALL_NAME_BASE = "@rpath";
				GENERATE_INFOPLIST_FILE = YES;
				INFOPLIST_KEY_NSHumanReadableCopyright = "";
				INSTALL_PATH = "$(LOCAL_LIBRARY_DIR)/Frameworks";
				LD_RUNPATH_SEARCH_PATHS = (
					"$(inherited)",
					"@executable_path/../Frameworks",
					"@loader_path/Frameworks",
				);
				MACOSX_DEPLOYMENT_TARGET = 12.1;
				MARKETING_VERSION = 1.0;
				PRODUCT_BUNDLE_IDENTIFIER = gusta.Domain;
				PRODUCT_NAME = "$(TARGET_NAME:c99extidentifier)";
				SDKROOT = iphoneos;
				SKIP_INSTALL = YES;
				SUPPORTED_PLATFORMS = "iphonesimulator iphoneos";
				SUPPORTS_MAC_DESIGNED_FOR_IPHONE_IPAD = NO;
				SWIFT_EMIT_LOC_STRINGS = YES;
				SWIFT_OPTIMIZATION_LEVEL = "-Onone";
				SWIFT_VERSION = 5.0;
				VERSIONING_SYSTEM = "apple-generic";
				VERSION_INFO_PREFIX = "";
			};
			name = Debug;
		};
		B75E5A0A2801B94300944BFF /* Release */ = {
			isa = XCBuildConfiguration;
			buildSettings = {
				CLANG_ENABLE_MODULES = YES;
				CODE_SIGN_STYLE = Automatic;
				COMBINE_HIDPI_IMAGES = YES;
				CURRENT_PROJECT_VERSION = 1;
				DEFINES_MODULE = YES;
				DEVELOPMENT_TEAM = RHBH6Q62PG;
				DYLIB_COMPATIBILITY_VERSION = 1;
				DYLIB_CURRENT_VERSION = 1;
				DYLIB_INSTALL_NAME_BASE = "@rpath";
				GENERATE_INFOPLIST_FILE = YES;
				INFOPLIST_KEY_NSHumanReadableCopyright = "";
				INSTALL_PATH = "$(LOCAL_LIBRARY_DIR)/Frameworks";
				LD_RUNPATH_SEARCH_PATHS = (
					"$(inherited)",
					"@executable_path/../Frameworks",
					"@loader_path/Frameworks",
				);
				MACOSX_DEPLOYMENT_TARGET = 12.1;
				MARKETING_VERSION = 1.0;
				PRODUCT_BUNDLE_IDENTIFIER = gusta.Domain;
				PRODUCT_NAME = "$(TARGET_NAME:c99extidentifier)";
				SDKROOT = iphoneos;
				SKIP_INSTALL = YES;
				SUPPORTED_PLATFORMS = "iphonesimulator iphoneos";
				SUPPORTS_MAC_DESIGNED_FOR_IPHONE_IPAD = NO;
				SWIFT_EMIT_LOC_STRINGS = YES;
				SWIFT_VERSION = 5.0;
				VERSIONING_SYSTEM = "apple-generic";
				VERSION_INFO_PREFIX = "";
			};
			name = Release;
		};
		B7972A4D282A8A430008DE7A /* Debug */ = {
			isa = XCBuildConfiguration;
			buildSettings = {
				CODE_SIGN_STYLE = Automatic;
				CURRENT_PROJECT_VERSION = 1;
				DEVELOPMENT_TEAM = RHBH6Q62PG;
				GENERATE_INFOPLIST_FILE = YES;
				MARKETING_VERSION = 1.0;
				PRODUCT_BUNDLE_IDENTIFIER = gusta.ApplicationTests;
				PRODUCT_NAME = "$(TARGET_NAME)";
				SWIFT_EMIT_LOC_STRINGS = NO;
				SWIFT_VERSION = 5.0;
				TARGETED_DEVICE_FAMILY = "1,2";
			};
			name = Debug;
		};
		B7972A4E282A8A430008DE7A /* Release */ = {
			isa = XCBuildConfiguration;
			buildSettings = {
				CODE_SIGN_STYLE = Automatic;
				CURRENT_PROJECT_VERSION = 1;
				DEVELOPMENT_TEAM = RHBH6Q62PG;
				GENERATE_INFOPLIST_FILE = YES;
				MARKETING_VERSION = 1.0;
				PRODUCT_BUNDLE_IDENTIFIER = gusta.ApplicationTests;
				PRODUCT_NAME = "$(TARGET_NAME)";
				SWIFT_EMIT_LOC_STRINGS = NO;
				SWIFT_VERSION = 5.0;
				TARGETED_DEVICE_FAMILY = "1,2";
			};
			name = Release;
		};
		B7972A5C282A8C500008DE7A /* Debug */ = {
			isa = XCBuildConfiguration;
			buildSettings = {
				CODE_SIGN_STYLE = Automatic;
				CURRENT_PROJECT_VERSION = 1;
				DEVELOPMENT_TEAM = RHBH6Q62PG;
				GENERATE_INFOPLIST_FILE = YES;
				MARKETING_VERSION = 1.0;
				PRODUCT_BUNDLE_IDENTIFIER = gusta.InfrastructureTests;
				PRODUCT_NAME = "$(TARGET_NAME)";
				SWIFT_EMIT_LOC_STRINGS = NO;
				SWIFT_VERSION = 5.0;
				TARGETED_DEVICE_FAMILY = "1,2";
			};
			name = Debug;
		};
		B7972A5D282A8C500008DE7A /* Release */ = {
			isa = XCBuildConfiguration;
			buildSettings = {
				CODE_SIGN_STYLE = Automatic;
				CURRENT_PROJECT_VERSION = 1;
				DEVELOPMENT_TEAM = RHBH6Q62PG;
				GENERATE_INFOPLIST_FILE = YES;
				MARKETING_VERSION = 1.0;
				PRODUCT_BUNDLE_IDENTIFIER = gusta.InfrastructureTests;
				PRODUCT_NAME = "$(TARGET_NAME)";
				SWIFT_EMIT_LOC_STRINGS = NO;
				SWIFT_VERSION = 5.0;
				TARGETED_DEVICE_FAMILY = "1,2";
			};
			name = Release;
		};
		B7D0553C2801CA15002E5228 /* Debug */ = {
			isa = XCBuildConfiguration;
			buildSettings = {
				CLANG_ENABLE_MODULES = YES;
				CODE_SIGN_STYLE = Automatic;
				CURRENT_PROJECT_VERSION = 1;
				DEFINES_MODULE = YES;
				DEVELOPMENT_TEAM = RHBH6Q62PG;
				DYLIB_COMPATIBILITY_VERSION = 1;
				DYLIB_CURRENT_VERSION = 1;
				DYLIB_INSTALL_NAME_BASE = "@rpath";
				GENERATE_INFOPLIST_FILE = YES;
				INFOPLIST_KEY_NSHumanReadableCopyright = "";
				INSTALL_PATH = "$(LOCAL_LIBRARY_DIR)/Frameworks";
				LD_RUNPATH_SEARCH_PATHS = (
					"$(inherited)",
					"@executable_path/Frameworks",
					"@loader_path/Frameworks",
				);
				MARKETING_VERSION = 1.0;
				PRODUCT_BUNDLE_IDENTIFIER = gusta.Application;
				PRODUCT_NAME = "$(TARGET_NAME:c99extidentifier)";
				SKIP_INSTALL = YES;
				SUPPORTS_MACCATALYST = NO;
				SWIFT_EMIT_LOC_STRINGS = YES;
				SWIFT_OPTIMIZATION_LEVEL = "-Onone";
				SWIFT_VERSION = 5.0;
				TARGETED_DEVICE_FAMILY = 1;
				VERSIONING_SYSTEM = "apple-generic";
				VERSION_INFO_PREFIX = "";
			};
			name = Debug;
		};
		B7D0553D2801CA15002E5228 /* Release */ = {
			isa = XCBuildConfiguration;
			buildSettings = {
				CLANG_ENABLE_MODULES = YES;
				CODE_SIGN_STYLE = Automatic;
				CURRENT_PROJECT_VERSION = 1;
				DEFINES_MODULE = YES;
				DEVELOPMENT_TEAM = RHBH6Q62PG;
				DYLIB_COMPATIBILITY_VERSION = 1;
				DYLIB_CURRENT_VERSION = 1;
				DYLIB_INSTALL_NAME_BASE = "@rpath";
				GENERATE_INFOPLIST_FILE = YES;
				INFOPLIST_KEY_NSHumanReadableCopyright = "";
				INSTALL_PATH = "$(LOCAL_LIBRARY_DIR)/Frameworks";
				LD_RUNPATH_SEARCH_PATHS = (
					"$(inherited)",
					"@executable_path/Frameworks",
					"@loader_path/Frameworks",
				);
				MARKETING_VERSION = 1.0;
				PRODUCT_BUNDLE_IDENTIFIER = gusta.Application;
				PRODUCT_NAME = "$(TARGET_NAME:c99extidentifier)";
				SKIP_INSTALL = YES;
				SUPPORTS_MACCATALYST = NO;
				SWIFT_EMIT_LOC_STRINGS = YES;
				SWIFT_VERSION = 5.0;
				TARGETED_DEVICE_FAMILY = 1;
				VERSIONING_SYSTEM = "apple-generic";
				VERSION_INFO_PREFIX = "";
			};
			name = Release;
		};
		B7D0554F2801D6FE002E5228 /* Debug */ = {
			isa = XCBuildConfiguration;
			buildSettings = {
				CLANG_ENABLE_MODULES = YES;
				CODE_SIGN_STYLE = Automatic;
				CURRENT_PROJECT_VERSION = 1;
				DEFINES_MODULE = YES;
				DEVELOPMENT_TEAM = RHBH6Q62PG;
				DYLIB_COMPATIBILITY_VERSION = 1;
				DYLIB_CURRENT_VERSION = 1;
				DYLIB_INSTALL_NAME_BASE = "@rpath";
				GENERATE_INFOPLIST_FILE = YES;
				INFOPLIST_KEY_NSHumanReadableCopyright = "";
				INSTALL_PATH = "$(LOCAL_LIBRARY_DIR)/Frameworks";
				LD_RUNPATH_SEARCH_PATHS = (
					"$(inherited)",
					"@executable_path/Frameworks",
					"@loader_path/Frameworks",
				);
				MARKETING_VERSION = 1.0;
				PRODUCT_BUNDLE_IDENTIFIER = gusta.Infrastructure;
				PRODUCT_NAME = "$(TARGET_NAME:c99extidentifier)";
				SKIP_INSTALL = YES;
				SUPPORTS_MACCATALYST = NO;
				SWIFT_EMIT_LOC_STRINGS = YES;
				SWIFT_OPTIMIZATION_LEVEL = "-Onone";
				SWIFT_VERSION = 5.0;
				TARGETED_DEVICE_FAMILY = 1;
				VERSIONING_SYSTEM = "apple-generic";
				VERSION_INFO_PREFIX = "";
			};
			name = Debug;
		};
		B7D055502801D6FE002E5228 /* Release */ = {
			isa = XCBuildConfiguration;
			buildSettings = {
				CLANG_ENABLE_MODULES = YES;
				CODE_SIGN_STYLE = Automatic;
				CURRENT_PROJECT_VERSION = 1;
				DEFINES_MODULE = YES;
				DEVELOPMENT_TEAM = RHBH6Q62PG;
				DYLIB_COMPATIBILITY_VERSION = 1;
				DYLIB_CURRENT_VERSION = 1;
				DYLIB_INSTALL_NAME_BASE = "@rpath";
				GENERATE_INFOPLIST_FILE = YES;
				INFOPLIST_KEY_NSHumanReadableCopyright = "";
				INSTALL_PATH = "$(LOCAL_LIBRARY_DIR)/Frameworks";
				LD_RUNPATH_SEARCH_PATHS = (
					"$(inherited)",
					"@executable_path/Frameworks",
					"@loader_path/Frameworks",
				);
				MARKETING_VERSION = 1.0;
				PRODUCT_BUNDLE_IDENTIFIER = gusta.Infrastructure;
				PRODUCT_NAME = "$(TARGET_NAME:c99extidentifier)";
				SKIP_INSTALL = YES;
				SUPPORTS_MACCATALYST = NO;
				SWIFT_EMIT_LOC_STRINGS = YES;
				SWIFT_VERSION = 5.0;
				TARGETED_DEVICE_FAMILY = 1;
				VERSIONING_SYSTEM = "apple-generic";
				VERSION_INFO_PREFIX = "";
			};
			name = Release;
		};
		B7DFB6CE27FE032500F1CD4E /* Debug */ = {
			isa = XCBuildConfiguration;
			buildSettings = {
				ALWAYS_SEARCH_USER_PATHS = NO;
				CLANG_ANALYZER_NONNULL = YES;
				CLANG_ANALYZER_NUMBER_OBJECT_CONVERSION = YES_AGGRESSIVE;
				CLANG_CXX_LANGUAGE_STANDARD = "gnu++17";
				CLANG_CXX_LIBRARY = "libc++";
				CLANG_ENABLE_MODULES = YES;
				CLANG_ENABLE_OBJC_ARC = YES;
				CLANG_ENABLE_OBJC_WEAK = YES;
				CLANG_WARN_BLOCK_CAPTURE_AUTORELEASING = YES;
				CLANG_WARN_BOOL_CONVERSION = YES;
				CLANG_WARN_COMMA = YES;
				CLANG_WARN_CONSTANT_CONVERSION = YES;
				CLANG_WARN_DEPRECATED_OBJC_IMPLEMENTATIONS = YES;
				CLANG_WARN_DIRECT_OBJC_ISA_USAGE = YES_ERROR;
				CLANG_WARN_DOCUMENTATION_COMMENTS = YES;
				CLANG_WARN_EMPTY_BODY = YES;
				CLANG_WARN_ENUM_CONVERSION = YES;
				CLANG_WARN_INFINITE_RECURSION = YES;
				CLANG_WARN_INT_CONVERSION = YES;
				CLANG_WARN_NON_LITERAL_NULL_CONVERSION = YES;
				CLANG_WARN_OBJC_IMPLICIT_RETAIN_SELF = YES;
				CLANG_WARN_OBJC_LITERAL_CONVERSION = YES;
				CLANG_WARN_OBJC_ROOT_CLASS = YES_ERROR;
				CLANG_WARN_QUOTED_INCLUDE_IN_FRAMEWORK_HEADER = YES;
				CLANG_WARN_RANGE_LOOP_ANALYSIS = YES;
				CLANG_WARN_STRICT_PROTOTYPES = YES;
				CLANG_WARN_SUSPICIOUS_MOVE = YES;
				CLANG_WARN_UNGUARDED_AVAILABILITY = YES_AGGRESSIVE;
				CLANG_WARN_UNREACHABLE_CODE = YES;
				CLANG_WARN__DUPLICATE_METHOD_MATCH = YES;
				COPY_PHASE_STRIP = NO;
				DEBUG_INFORMATION_FORMAT = dwarf;
				ENABLE_STRICT_OBJC_MSGSEND = YES;
				ENABLE_TESTABILITY = YES;
				GCC_C_LANGUAGE_STANDARD = gnu11;
				GCC_DYNAMIC_NO_PIC = NO;
				GCC_NO_COMMON_BLOCKS = YES;
				GCC_OPTIMIZATION_LEVEL = 0;
				GCC_PREPROCESSOR_DEFINITIONS = (
					"DEBUG=1",
					"$(inherited)",
				);
				GCC_WARN_64_TO_32_BIT_CONVERSION = YES;
				GCC_WARN_ABOUT_RETURN_TYPE = YES_ERROR;
				GCC_WARN_UNDECLARED_SELECTOR = YES;
				GCC_WARN_UNINITIALIZED_AUTOS = YES_AGGRESSIVE;
				GCC_WARN_UNUSED_FUNCTION = YES;
				GCC_WARN_UNUSED_VARIABLE = YES;
				IPHONEOS_DEPLOYMENT_TARGET = 15.2;
				MTL_ENABLE_DEBUG_INFO = INCLUDE_SOURCE;
				MTL_FAST_MATH = YES;
				ONLY_ACTIVE_ARCH = YES;
				SDKROOT = iphoneos;
				SWIFT_ACTIVE_COMPILATION_CONDITIONS = DEBUG;
				SWIFT_OPTIMIZATION_LEVEL = "-Onone";
			};
			name = Debug;
		};
		B7DFB6CF27FE032500F1CD4E /* Release */ = {
			isa = XCBuildConfiguration;
			buildSettings = {
				ALWAYS_SEARCH_USER_PATHS = NO;
				CLANG_ANALYZER_NONNULL = YES;
				CLANG_ANALYZER_NUMBER_OBJECT_CONVERSION = YES_AGGRESSIVE;
				CLANG_CXX_LANGUAGE_STANDARD = "gnu++17";
				CLANG_CXX_LIBRARY = "libc++";
				CLANG_ENABLE_MODULES = YES;
				CLANG_ENABLE_OBJC_ARC = YES;
				CLANG_ENABLE_OBJC_WEAK = YES;
				CLANG_WARN_BLOCK_CAPTURE_AUTORELEASING = YES;
				CLANG_WARN_BOOL_CONVERSION = YES;
				CLANG_WARN_COMMA = YES;
				CLANG_WARN_CONSTANT_CONVERSION = YES;
				CLANG_WARN_DEPRECATED_OBJC_IMPLEMENTATIONS = YES;
				CLANG_WARN_DIRECT_OBJC_ISA_USAGE = YES_ERROR;
				CLANG_WARN_DOCUMENTATION_COMMENTS = YES;
				CLANG_WARN_EMPTY_BODY = YES;
				CLANG_WARN_ENUM_CONVERSION = YES;
				CLANG_WARN_INFINITE_RECURSION = YES;
				CLANG_WARN_INT_CONVERSION = YES;
				CLANG_WARN_NON_LITERAL_NULL_CONVERSION = YES;
				CLANG_WARN_OBJC_IMPLICIT_RETAIN_SELF = YES;
				CLANG_WARN_OBJC_LITERAL_CONVERSION = YES;
				CLANG_WARN_OBJC_ROOT_CLASS = YES_ERROR;
				CLANG_WARN_QUOTED_INCLUDE_IN_FRAMEWORK_HEADER = YES;
				CLANG_WARN_RANGE_LOOP_ANALYSIS = YES;
				CLANG_WARN_STRICT_PROTOTYPES = YES;
				CLANG_WARN_SUSPICIOUS_MOVE = YES;
				CLANG_WARN_UNGUARDED_AVAILABILITY = YES_AGGRESSIVE;
				CLANG_WARN_UNREACHABLE_CODE = YES;
				CLANG_WARN__DUPLICATE_METHOD_MATCH = YES;
				COPY_PHASE_STRIP = NO;
				DEBUG_INFORMATION_FORMAT = "dwarf-with-dsym";
				ENABLE_NS_ASSERTIONS = NO;
				ENABLE_STRICT_OBJC_MSGSEND = YES;
				GCC_C_LANGUAGE_STANDARD = gnu11;
				GCC_NO_COMMON_BLOCKS = YES;
				GCC_WARN_64_TO_32_BIT_CONVERSION = YES;
				GCC_WARN_ABOUT_RETURN_TYPE = YES_ERROR;
				GCC_WARN_UNDECLARED_SELECTOR = YES;
				GCC_WARN_UNINITIALIZED_AUTOS = YES_AGGRESSIVE;
				GCC_WARN_UNUSED_FUNCTION = YES;
				GCC_WARN_UNUSED_VARIABLE = YES;
				IPHONEOS_DEPLOYMENT_TARGET = 15.2;
				MTL_ENABLE_DEBUG_INFO = NO;
				MTL_FAST_MATH = YES;
				SDKROOT = iphoneos;
				SWIFT_COMPILATION_MODE = wholemodule;
				SWIFT_OPTIMIZATION_LEVEL = "-O";
				VALIDATE_PRODUCT = YES;
			};
			name = Release;
		};
		B7DFB6D127FE032500F1CD4E /* Debug */ = {
			isa = XCBuildConfiguration;
			buildSettings = {
				ALWAYS_EMBED_SWIFT_STANDARD_LIBRARIES = YES;
				ASSETCATALOG_COMPILER_APPICON_NAME = AppIcon;
				ASSETCATALOG_COMPILER_GLOBAL_ACCENT_COLOR_NAME = AccentColor;
				CODE_SIGN_STYLE = Automatic;
				CURRENT_PROJECT_VERSION = 1;
				DEVELOPMENT_ASSET_PATHS = "\"Presentation/Resource/Preview Content\"";
				DEVELOPMENT_TEAM = RHBH6Q62PG;
				ENABLE_PREVIEWS = YES;
				GENERATE_INFOPLIST_FILE = YES;
				INFOPLIST_FILE = Presentation/Resource/Info.plist;
				INFOPLIST_KEY_UIApplicationSceneManifest_Generation = YES;
				INFOPLIST_KEY_UIApplicationSupportsIndirectInputEvents = YES;
				INFOPLIST_KEY_UILaunchScreen_Generation = YES;
				INFOPLIST_KEY_UISupportedInterfaceOrientations_iPad = "UIInterfaceOrientationPortrait UIInterfaceOrientationPortraitUpsideDown UIInterfaceOrientationLandscapeLeft UIInterfaceOrientationLandscapeRight";
				INFOPLIST_KEY_UISupportedInterfaceOrientations_iPhone = "UIInterfaceOrientationPortrait UIInterfaceOrientationLandscapeLeft UIInterfaceOrientationLandscapeRight";
				LD_RUNPATH_SEARCH_PATHS = (
					"$(inherited)",
					"@executable_path/Frameworks",
				);
				MARKETING_VERSION = 1.0;
				PRODUCT_BUNDLE_IDENTIFIER = gusta.Brewery;
				PRODUCT_NAME = "$(TARGET_NAME)";
				SWIFT_EMIT_LOC_STRINGS = YES;
				SWIFT_VERSION = 5.0;
				TARGETED_DEVICE_FAMILY = 1;
			};
			name = Debug;
		};
		B7DFB6D227FE032500F1CD4E /* Release */ = {
			isa = XCBuildConfiguration;
			buildSettings = {
				ALWAYS_EMBED_SWIFT_STANDARD_LIBRARIES = YES;
				ASSETCATALOG_COMPILER_APPICON_NAME = AppIcon;
				ASSETCATALOG_COMPILER_GLOBAL_ACCENT_COLOR_NAME = AccentColor;
				CODE_SIGN_STYLE = Automatic;
				CURRENT_PROJECT_VERSION = 1;
				DEVELOPMENT_ASSET_PATHS = "\"Presentation/Resource/Preview Content\"";
				DEVELOPMENT_TEAM = RHBH6Q62PG;
				ENABLE_PREVIEWS = YES;
				GENERATE_INFOPLIST_FILE = YES;
				INFOPLIST_FILE = Presentation/Resource/Info.plist;
				INFOPLIST_KEY_UIApplicationSceneManifest_Generation = YES;
				INFOPLIST_KEY_UIApplicationSupportsIndirectInputEvents = YES;
				INFOPLIST_KEY_UILaunchScreen_Generation = YES;
				INFOPLIST_KEY_UISupportedInterfaceOrientations_iPad = "UIInterfaceOrientationPortrait UIInterfaceOrientationPortraitUpsideDown UIInterfaceOrientationLandscapeLeft UIInterfaceOrientationLandscapeRight";
				INFOPLIST_KEY_UISupportedInterfaceOrientations_iPhone = "UIInterfaceOrientationPortrait UIInterfaceOrientationLandscapeLeft UIInterfaceOrientationLandscapeRight";
				LD_RUNPATH_SEARCH_PATHS = (
					"$(inherited)",
					"@executable_path/Frameworks",
				);
				MARKETING_VERSION = 1.0;
				PRODUCT_BUNDLE_IDENTIFIER = gusta.Brewery;
				PRODUCT_NAME = "$(TARGET_NAME)";
				SWIFT_EMIT_LOC_STRINGS = YES;
				SWIFT_VERSION = 5.0;
				TARGETED_DEVICE_FAMILY = 1;
			};
			name = Release;
		};
/* End XCBuildConfiguration section */

/* Begin XCConfigurationList section */
		B75E5A0B2801B94300944BFF /* Build configuration list for PBXNativeTarget "Domain" */ = {
			isa = XCConfigurationList;
			buildConfigurations = (
				B75E5A092801B94300944BFF /* Debug */,
				B75E5A0A2801B94300944BFF /* Release */,
			);
			defaultConfigurationIsVisible = 0;
			defaultConfigurationName = Release;
		};
		B7972A4F282A8A430008DE7A /* Build configuration list for PBXNativeTarget "ApplicationTests" */ = {
			isa = XCConfigurationList;
			buildConfigurations = (
				B7972A4D282A8A430008DE7A /* Debug */,
				B7972A4E282A8A430008DE7A /* Release */,
			);
			defaultConfigurationIsVisible = 0;
			defaultConfigurationName = Release;
		};
		B7972A5B282A8C500008DE7A /* Build configuration list for PBXNativeTarget "InfrastructureTests" */ = {
			isa = XCConfigurationList;
			buildConfigurations = (
				B7972A5C282A8C500008DE7A /* Debug */,
				B7972A5D282A8C500008DE7A /* Release */,
			);
			defaultConfigurationIsVisible = 0;
			defaultConfigurationName = Release;
		};
		B7D0553B2801CA15002E5228 /* Build configuration list for PBXNativeTarget "Application" */ = {
			isa = XCConfigurationList;
			buildConfigurations = (
				B7D0553C2801CA15002E5228 /* Debug */,
				B7D0553D2801CA15002E5228 /* Release */,
			);
			defaultConfigurationIsVisible = 0;
			defaultConfigurationName = Release;
		};
		B7D0554E2801D6FE002E5228 /* Build configuration list for PBXNativeTarget "Infrastructure" */ = {
			isa = XCConfigurationList;
			buildConfigurations = (
				B7D0554F2801D6FE002E5228 /* Debug */,
				B7D055502801D6FE002E5228 /* Release */,
			);
			defaultConfigurationIsVisible = 0;
			defaultConfigurationName = Release;
		};
		B7DFB6BD27FE032300F1CD4E /* Build configuration list for PBXProject "Brewery" */ = {
			isa = XCConfigurationList;
			buildConfigurations = (
				B7DFB6CE27FE032500F1CD4E /* Debug */,
				B7DFB6CF27FE032500F1CD4E /* Release */,
			);
			defaultConfigurationIsVisible = 0;
			defaultConfigurationName = Release;
		};
		B7DFB6D027FE032500F1CD4E /* Build configuration list for PBXNativeTarget "Brewery" */ = {
			isa = XCConfigurationList;
			buildConfigurations = (
				B7DFB6D127FE032500F1CD4E /* Debug */,
				B7DFB6D227FE032500F1CD4E /* Release */,
			);
			defaultConfigurationIsVisible = 0;
			defaultConfigurationName = Release;
		};
/* End XCConfigurationList section */
	};
	rootObject = B7DFB6BA27FE032300F1CD4E /* Project object */;
}
